# THIS IS AN AUTOGENERATED FILE. DO NOT EDIT THIS FILE DIRECTLY.
# yarn lockfile v1


async-limiter@~1.0.0:
  version "1.0.1"
  resolved "https://registry.yarnpkg.com/async-limiter/-/async-limiter-1.0.1.tgz#dd379e94f0db8310b08291f9d64c3209766617fd"
  integrity sha512-csOlWGAcRFJaI6m+F2WKdnMKr4HhdhFVBk0H/QbJFMCr+uO2kwohwXQPxw/9OCxp05r5ghVBFSyioixx3gfkNQ==

async@^2.6.2:
  version "2.6.3"
  resolved "https://registry.yarnpkg.com/async/-/async-2.6.3.tgz#d72625e2344a3656e3a3ad4fa749fa83299d82ff"
  integrity sha512-zflvls11DCy+dQWzTW2dzuilv8Z5X/pjfmZOWba6TNIVDm+2UDaJmXSOXlasHKfNBs8oo3M0aT50fDEWfKZjXg==
  dependencies:
    lodash "^4.17.14"

async@^3.1.0:
  version "3.1.1"
  resolved "https://registry.yarnpkg.com/async/-/async-3.1.1.tgz#dd3542db03de837979c9ebbca64ca01b06dc98df"
  integrity sha512-X5Dj8hK1pJNC2Wzo2Rcp9FBVdJMGRR/S7V+lH46s8GVFhtbo5O4Le5GECCF/8PISVdkUA6mMPvgz7qTTD1rf1g==

azure-iot-amqp-base@2.3.2:
  version "2.3.2"
  resolved "https://registry.yarnpkg.com/azure-iot-amqp-base/-/azure-iot-amqp-base-2.3.2.tgz#004aefecb4d8c95623e00600bce716a45093bda7"
  integrity sha512-4n17esOnRQn7jhqEo4qDqkV8yPiFSb7lPGIscEAdL5tiemGhtEs/Hn+WC9t6RBZVj0sG6VL0Vip71m6P/5ZJSg==
  dependencies:
    async "^2.6.2"
    azure-iot-common "1.11.2"
    debug "^4.1.1"
    lodash.merge "^4.6.1"
    machina "^4.0.2"
    rhea "^1.0.15"
    uuid "^3.3.2"
    ws "^6.0.0"

azure-iot-common@1.11.2:
  version "1.11.2"
  resolved "https://registry.yarnpkg.com/azure-iot-common/-/azure-iot-common-1.11.2.tgz#8a333db30c5addf66494e34ace96cdb6e1f07bad"
  integrity sha512-PwCug/JvKHWXdbU3/mqN5oTicjhBHRBcbe+4H3rBYt0wilOEZC4N/KTNRX/PQGECIpLzQRSyvK6MNpqQL6bIuQ==
  dependencies:
    debug "^4.1.1"
    getos "^3.1.1"

azure-iot-http-base@1.10.2:
  version "1.10.2"
  resolved "https://registry.yarnpkg.com/azure-iot-http-base/-/azure-iot-http-base-1.10.2.tgz#5b5988e716a926ec5c15308873039a622febc2af"
  integrity sha512-0wTa2HTmSFm3hghCv4pI0fadDWl0xs4HbexM+IUwN8wgGFiEPBKo73DAj1hCBytNyVbgA0upOfoh6iw7LoLcEA==
  dependencies:
    azure-iot-common "1.11.2"
    debug "^4.1.1"
    uuid "^3.3.2"

azure-iothub@^1.11.2:
  version "1.11.2"
  resolved "https://registry.yarnpkg.com/azure-iothub/-/azure-iothub-1.11.2.tgz#acdb3bb95851fadfebb73a47843b9a360c242396"
  integrity sha512-P9InJEBYaavkjagqlCQjsAoUaDS+eEr6UJnhQR+MzStb5olFj4c/KJjoMaP+4pIm6SUEgA9DyLRBtAmpJq9JAA==
  dependencies:
    async "^2.6.2"
    azure-iot-amqp-base "2.3.2"
    azure-iot-common "1.11.2"
    azure-iot-http-base "1.10.2"
    debug "^4.1.1"
    lodash "^4.17.15"
    machina "^4.0.2"
    rhea "^1.0.15"

"debug@0.8.0 - 3.5.0":
  version "3.2.6"
  resolved "https://registry.yarnpkg.com/debug/-/debug-3.2.6.tgz#e83d17de16d8a7efb7717edbe5fb10135eee629b"
  integrity sha512-mel+jf7nrtEl5Pn1Qx46zARXKDpBbvzezse7p7LqINmdoIk8PYP5SySaxEmYv6TZ0JyEKA1hsCId6DIhgITtWQ==
  dependencies:
    ms "^2.1.1"

debug@^4.1.1:
  version "4.1.1"
  resolved "https://registry.yarnpkg.com/debug/-/debug-4.1.1.tgz#3b72260255109c6b589cee050f1d516139664791"
  integrity sha512-pYAIzeRo8J6KPEaJ0VWOh5Pzkbw/RetuzehGM7QRRX5he4fPHx2rdKMB256ehJCkX+XRQm16eZLqLNS8RSZXZw==
  dependencies:
    ms "^2.1.1"

getos@^3.1.1:
  version "3.1.4"
  resolved "https://registry.yarnpkg.com/getos/-/getos-3.1.4.tgz#29cdf240ed10a70c049add7b6f8cb08c81876faf"
  integrity sha512-UORPzguEB/7UG5hqiZai8f0vQ7hzynMQyJLxStoQ8dPGAcmgsfXOPA4iE/fGtweHYkK+z4zc9V0g+CIFRf5HYw==
  dependencies:
    async "^3.1.0"

lodash.merge@^4.6.1:
  version "4.6.2"
  resolved "https://registry.yarnpkg.com/lodash.merge/-/lodash.merge-4.6.2.tgz#558aa53b43b661e1925a0afdfa36a9a1085fe57a"
  integrity sha512-0KpjqXRVvrYyCsX1swR/XTK0va6VQkQM6MNo7PqW77ByjAhoARA8EfrP1N4+KlKj8YS0ZUCtRT/YUuhyYDujIQ==

lodash@^4.17.14, lodash@^4.17.15, lodash@^4.17.5:
  version "4.17.15"
  resolved "https://registry.yarnpkg.com/lodash/-/lodash-4.17.15.tgz#b447f6670a0455bbfeedd11392eff330ea097548"
  integrity sha512-8xOcRHvCjnocdS5cpwXQXVzmmh5e5+saE2QGoeQmbKmRS6J3VQppPOIt0MnmE+4xlZoumy0GPG0D0MVIQbNA1A==

machina@^4.0.2:
  version "4.0.2"
  resolved "https://registry.yarnpkg.com/machina/-/machina-4.0.2.tgz#7ba13ea317fafc5c64cde75337fad168e1ac3937"
  integrity sha512-OOlFrW1rd783S6tF36v5Ie/TM64gfvSl9kYLWL2cPA31J71HHWW3XrgSe1BZSFAPkh8532CMJMLv/s9L2aopiA==
  dependencies:
    lodash "^4.17.5"

ms@^2.1.1:
  version "2.1.2"
  resolved "https://registry.yarnpkg.com/ms/-/ms-2.1.2.tgz#d09d1f357b443f493382a8eb3ccd183872ae6009"
  integrity sha512-sGkPx+VjMtmA6MX27oA4FBFELFCZZ4S4XqeGOXCv68tT+jb3vk/RyaKWP0PTKyWtmLSM0b+adUTEvbs1PEaH2w==

rhea@^1.0.15:
  version "1.0.17"
  resolved "https://registry.yarnpkg.com/rhea/-/rhea-1.0.17.tgz#0b7d501d07f92a520e2db34209cea405f4988c97"
  integrity sha512-h5MVb8Fk9uBtKl3jB6NkpNJVJA33q9NTrnKJHDXnuIc4knZytmNmofGjefCPf34GH7wK4x/TqYtuTw+CC1+A7A==
  dependencies:
    debug "0.8.0 - 3.5.0"

uuid@^3.3.2:
  version "3.4.0"
  resolved "https://registry.yarnpkg.com/uuid/-/uuid-3.4.0.tgz#b23e4358afa8a202fe7a100af1f5f883f02007ee"
  integrity sha512-HjSDRw6gZE5JMggctHBcjVak08+KEVhSIiDzFnT9S9aegmp85S/bReBVTb4QTFaRNptJ9kuYaNhnbNEOkbKb/A==

ws@^6.0.0:
  version "6.2.1"
  resolved "https://registry.yarnpkg.com/ws/-/ws-6.2.1.tgz#442fdf0a47ed64f59b6a5d8ff130f4748ed524fb"
  integrity sha512-GIyAXC2cB7LjvpgMt9EKS2ldqr0MTrORaleiOno6TweZ6r3TKtoFQWay/2PceJ3RuBasOHzXNn5Lrw1X0bEjqA==
  dependencies:
    async-limiter "~1.0.0"
